
Microsoft Visual Studio Solution File, Format Version 12.00
# Visual Studio Version 16
VisualStudioVersion = 16.0.29519.181
MinimumVisualStudioVersion = 10.0.40219.1
Project("{9A19103F-16F7-4668-BE54-9A1E7A4F7556}") = "League-Of-Programmers", "League-Of-Programmers\League-Of-Programmers.csproj", "{B602F66A-9653-4131-A564-C15DA7ABF7DB}"
EndProject
Project("{9A19103F-16F7-4668-BE54-9A1E7A4F7556}") = "DB", "DB\DB.csproj", "{655F7CBE-848A-4D1A-8D95-06781F6D549C}"
EndProject
Project("{9A19103F-16F7-4668-BE54-9A1E7A4F7556}") = "Domain", "Domain\Domain.csproj", "{EE9E6ECE-F6F2-4DF9-A405-2393101C8F42}"
EndProject
Project("{9A19103F-16F7-4668-BE54-9A1E7A4F7556}") = "Common", "Common\Common.csproj", "{470A3A63-B0F2-4843-8568-404080AA12E7}"
EndProject
Project("{FAE04EC0-301F-11D3-BF4B-00C04F79EFBC}") = "Files", "Files\Files.csproj", "{8087E8FC-8EFF-4C13-BA52-323371B8B8A2}"
EndProject
Global
	GlobalSection(SolutionConfigurationPlatforms) = preSolution
		Debug|Any CPU = Debug|Any CPU
		Release|Any CPU = Release|Any CPU
	EndGlobalSection
	GlobalSection(ProjectConfigurationPlatforms) = postSolution
		{B602F66A-9653-4131-A564-C15DA7ABF7DB}.Debug|Any CPU.ActiveCfg = Debug|Any CPU
		{B602F66A-9653-4131-A564-C15DA7ABF7DB}.Debug|Any CPU.Build.0 = Debug|Any CPU
		{B602F66A-9653-4131-A564-C15DA7ABF7DB}.Release|Any CPU.ActiveCfg = Release|Any CPU
		{B602F66A-9653-4131-A564-C15DA7ABF7DB}.Release|Any CPU.Build.0 = Release|Any CPU
		{655F7CBE-848A-4D1A-8D95-06781F6D549C}.Debug|Any CPU.ActiveCfg = Debug|Any CPU
		{655F7CBE-848A-4D1A-8D95-06781F6D549C}.Debug|Any CPU.Build.0 = Debug|Any CPU
		{655F7CBE-848A-4D1A-8D95-06781F6D549C}.Release|Any CPU.ActiveCfg = Release|Any CPU
		{655F7CBE-848A-4D1A-8D95-06781F6D549C}.Release|Any CPU.Build.0 = Release|Any CPU
		{EE9E6ECE-F6F2-4DF9-A405-2393101C8F42}.Debug|Any CPU.ActiveCfg = Debug|Any CPU
		{EE9E6ECE-F6F2-4DF9-A405-2393101C8F42}.Debug|Any CPU.Build.0 = Debug|Any CPU
		{EE9E6ECE-F6F2-4DF9-A405-2393101C8F42}.Release|Any CPU.ActiveCfg = Release|Any CPU
		{EE9E6ECE-F6F2-4DF9-A405-2393101C8F42}.Release|Any CPU.Build.0 = Release|Any CPU
		{470A3A63-B0F2-4843-8568-404080AA12E7}.Debug|Any CPU.ActiveCfg = Debug|Any CPU
		{470A3A63-B0F2-4843-8568-404080AA12E7}.Debug|Any CPU.Build.0 = Debug|Any CPU
		{470A3A63-B0F2-4843-8568-404080AA12E7}.Release|Any CPU.ActiveCfg = Release|Any CPU
		{470A3A63-B0F2-4843-8568-404080AA12E7}.Release|Any CPU.Build.0 = Release|Any CPU
		{8087E8FC-8EFF-4C13-BA52-323371B8B8A2}.Debug|Any CPU.ActiveCfg = Debug|Any CPU
		{8087E8FC-8EFF-4C13-BA52-323371B8B8A2}.Debug|Any CPU.Build.0 = Debug|Any CPU
		{8087E8FC-8EFF-4C13-BA52-323371B8B8A2}.Release|Any CPU.ActiveCfg = Release|Any CPU
		{8087E8FC-8EFF-4C13-BA52-323371B8B8A2}.Release|Any CPU.Build.0 = Release|Any CPU
	EndGlobalSection
	GlobalSection(SolutionProperties) = preSolution
		HideSolutionNode = FALSE
	EndGlobalSection
	GlobalSection(ExtensibilityGlobals) = postSolution
		SolutionGuid = {AE435ACD-E2CB-45D9-982F-4F39BF3286CC}
	EndGlobalSection
EndGlobal
